
Microsoft Visual Studio Solution File, Format Version 12.00
# Visual Studio Version 16
VisualStudioVersion = 16.0.33927.289
MinimumVisualStudioVersion = 10.0.40219.1
Project("{FAE04EC0-301F-11D3-BF4B-00C04F79EFBC}") = "Tyuiu.VolovikovMV.Sprint7.Project.V5", "Tyuiu.VolovikovMV.Sprint7.V5\Tyuiu.VolovikovMV.Sprint7.Project.V5.csproj", "{6048F636-06B4-46BE-A57A-CB2049D26D4B}"
EndProject
Project("{FAE04EC0-301F-11D3-BF4B-00C04F79EFBC}") = "Tyuiu.VolovikovMV.Sprint7.V5.Lib", "Tyuiu.VolovikovMV.Sprint7.V5.Lib\Tyuiu.VolovikovMV.Sprint7.V5.Lib.csproj", "{410E77DB-48B2-4857-92B7-3B2B6E81DF75}"
EndProject
Project("{FAE04EC0-301F-11D3-BF4B-00C04F79EFBC}") = "Tyuiu.VolovikovMV.Sprint7.V5.Test", "Tyuiu.VolovikovMV.Sprint7.V5.Test\Tyuiu.VolovikovMV.Sprint7.V5.Test.csproj", "{2EA18289-7C04-42CA-906A-70ACB03C6F43}"
EndProject
Global
	GlobalSection(SolutionConfigurationPlatforms) = preSolution
		Debug|Any CPU = Debug|Any CPU
		Release|Any CPU = Release|Any CPU
	EndGlobalSection
	GlobalSection(ProjectConfigurationPlatforms) = postSolution
		{6048F636-06B4-46BE-A57A-CB2049D26D4B}.Debug|Any CPU.ActiveCfg = Debug|Any CPU
		{6048F636-06B4-46BE-A57A-CB2049D26D4B}.Debug|Any CPU.Build.0 = Debug|Any CPU
		{6048F636-06B4-46BE-A57A-CB2049D26D4B}.Release|Any CPU.ActiveCfg = Release|Any CPU
		{6048F636-06B4-46BE-A57A-CB2049D26D4B}.Release|Any CPU.Build.0 = Release|Any CPU
		{410E77DB-48B2-4857-92B7-3B2B6E81DF75}.Debug|Any CPU.ActiveCfg = Debug|Any CPU
		{410E77DB-48B2-4857-92B7-3B2B6E81DF75}.Debug|Any CPU.Build.0 = Debug|Any CPU
		{410E77DB-48B2-4857-92B7-3B2B6E81DF75}.Release|Any CPU.ActiveCfg = Release|Any CPU
		{410E77DB-48B2-4857-92B7-3B2B6E81DF75}.Release|Any CPU.Build.0 = Release|Any CPU
		{2EA18289-7C04-42CA-906A-70ACB03C6F43}.Debug|Any CPU.ActiveCfg = Debug|Any CPU
		{2EA18289-7C04-42CA-906A-70ACB03C6F43}.Debug|Any CPU.Build.0 = Debug|Any CPU
		{2EA18289-7C04-42CA-906A-70ACB03C6F43}.Release|Any CPU.ActiveCfg = Release|Any CPU
		{2EA18289-7C04-42CA-906A-70ACB03C6F43}.Release|Any CPU.Build.0 = Release|Any CPU
	EndGlobalSection
	GlobalSection(SolutionProperties) = preSolution
		HideSolutionNode = FALSE
	EndGlobalSection
	GlobalSection(ExtensibilityGlobals) = postSolution
		SolutionGuid = {16DF0016-9F75-4016-8F72-0FFB06655DEC}
	EndGlobalSection
EndGlobal
